// !$*UTF8*$!
{
	archiveVersion = 1;
	classes = {
	};
	objectVersion = 55;
	objects = {

/* Begin PBXBuildFile section */
		281A4CCD28B7DD6700E6ADBC /* AppDelegate.swift in Sources */ = {isa = PBXBuildFile; fileRef = 281A4CCC28B7DD6700E6ADBC /* AppDelegate.swift */; };
		281A4CCF28B7DD6700E6ADBC /* SceneDelegate.swift in Sources */ = {isa = PBXBuildFile; fileRef = 281A4CCE28B7DD6700E6ADBC /* SceneDelegate.swift */; };
		281A4CD128B7DD6700E6ADBC /* AuthViewController.swift in Sources */ = {isa = PBXBuildFile; fileRef = 281A4CD028B7DD6700E6ADBC /* AuthViewController.swift */; };
		281A4CD628B7DD6800E6ADBC /* Assets.xcassets in Resources */ = {isa = PBXBuildFile; fileRef = 281A4CD528B7DD6800E6ADBC /* Assets.xcassets */; };
		281A4CD928B7DD6800E6ADBC /* LaunchScreen.storyboard in Resources */ = {isa = PBXBuildFile; fileRef = 281A4CD728B7DD6800E6ADBC /* LaunchScreen.storyboard */; };
		28B1D98728B7E73F006BCCC6 /* AuthService.swift in Sources */ = {isa = PBXBuildFile; fileRef = 28B1D98628B7E73F006BCCC6 /* AuthService.swift */; };
		28B1D98A28B7E921006BCCC6 /* AuthViewController.storyboard in Resources */ = {isa = PBXBuildFile; fileRef = 28B1D98928B7E921006BCCC6 /* AuthViewController.storyboard */; };
		28C9105E295F676300B44962 /* FeedViewController.swift in Sources */ = {isa = PBXBuildFile; fileRef = 28C9105D295F676300B44962 /* FeedViewController.swift */; };
		28C91060295F677900B44962 /* FeedViewController.storyboard in Resources */ = {isa = PBXBuildFile; fileRef = 28C9105F295F677900B44962 /* FeedViewController.storyboard */; };
		28C9106529606CF400B44962 /* UIViewController+Storyboard.swift in Sources */ = {isa = PBXBuildFile; fileRef = 28C9106429606CF400B44962 /* UIViewController+Storyboard.swift */; };
		28C910672960790400B44962 /* NetworkService.swift in Sources */ = {isa = PBXBuildFile; fileRef = 28C910662960790400B44962 /* NetworkService.swift */; };
		28C910692960799800B44962 /* API.swift in Sources */ = {isa = PBXBuildFile; fileRef = 28C910682960799800B44962 /* API.swift */; };
		28C9106E2960946E00B44962 /* FeedResponse.swift in Sources */ = {isa = PBXBuildFile; fileRef = 28C9106D2960946E00B44962 /* FeedResponse.swift */; };
		28C910702960981700B44962 /* NetworkDataFetcher.swift in Sources */ = {isa = PBXBuildFile; fileRef = 28C9106F2960981700B44962 /* NetworkDataFetcher.swift */; };
		AE89AAD7EBA5A23A90E910B5 /* Pods_VKNewsFeedApp.framework in Frameworks */ = {isa = PBXBuildFile; fileRef = 3B07A5364541F66BB81E31BD /* Pods_VKNewsFeedApp.framework */; };
/* End PBXBuildFile section */

/* Begin PBXFileReference section */
		281A4CC928B7DD6700E6ADBC /* VKNewsFeedApp.app */ = {isa = PBXFileReference; explicitFileType = wrapper.application; includeInIndex = 0; path = VKNewsFeedApp.app; sourceTree = BUILT_PRODUCTS_DIR; };
		281A4CCC28B7DD6700E6ADBC /* AppDelegate.swift */ = {isa = PBXFileReference; lastKnownFileType = sourcecode.swift; path = AppDelegate.swift; sourceTree = "<group>"; };
		281A4CCE28B7DD6700E6ADBC /* SceneDelegate.swift */ = {isa = PBXFileReference; lastKnownFileType = sourcecode.swift; path = SceneDelegate.swift; sourceTree = "<group>"; };
		281A4CD028B7DD6700E6ADBC /* AuthViewController.swift */ = {isa = PBXFileReference; lastKnownFileType = sourcecode.swift; path = AuthViewController.swift; sourceTree = "<group>"; };
		281A4CD528B7DD6800E6ADBC /* Assets.xcassets */ = {isa = PBXFileReference; lastKnownFileType = folder.assetcatalog; path = Assets.xcassets; sourceTree = "<group>"; };
		281A4CD828B7DD6800E6ADBC /* Base */ = {isa = PBXFileReference; lastKnownFileType = file.storyboard; name = Base; path = Base.lproj/LaunchScreen.storyboard; sourceTree = "<group>"; };
		281A4CDA28B7DD6800E6ADBC /* Info.plist */ = {isa = PBXFileReference; lastKnownFileType = text.plist.xml; path = Info.plist; sourceTree = "<group>"; };
		28B1D98628B7E73F006BCCC6 /* AuthService.swift */ = {isa = PBXFileReference; lastKnownFileType = sourcecode.swift; path = AuthService.swift; sourceTree = "<group>"; };
		28B1D98928B7E921006BCCC6 /* AuthViewController.storyboard */ = {isa = PBXFileReference; lastKnownFileType = file.storyboard; path = AuthViewController.storyboard; sourceTree = "<group>"; };
		28C9105D295F676300B44962 /* FeedViewController.swift */ = {isa = PBXFileReference; lastKnownFileType = sourcecode.swift; path = FeedViewController.swift; sourceTree = "<group>"; };
		28C9105F295F677900B44962 /* FeedViewController.storyboard */ = {isa = PBXFileReference; lastKnownFileType = file.storyboard; path = FeedViewController.storyboard; sourceTree = "<group>"; };
		28C9106429606CF400B44962 /* UIViewController+Storyboard.swift */ = {isa = PBXFileReference; lastKnownFileType = sourcecode.swift; path = "UIViewController+Storyboard.swift"; sourceTree = "<group>"; };
		28C910662960790400B44962 /* NetworkService.swift */ = {isa = PBXFileReference; lastKnownFileType = sourcecode.swift; path = NetworkService.swift; sourceTree = "<group>"; };
		28C910682960799800B44962 /* API.swift */ = {isa = PBXFileReference; lastKnownFileType = sourcecode.swift; path = API.swift; sourceTree = "<group>"; };
		28C9106D2960946E00B44962 /* FeedResponse.swift */ = {isa = PBXFileReference; lastKnownFileType = sourcecode.swift; path = FeedResponse.swift; sourceTree = "<group>"; };
		28C9106F2960981700B44962 /* NetworkDataFetcher.swift */ = {isa = PBXFileReference; lastKnownFileType = sourcecode.swift; path = NetworkDataFetcher.swift; sourceTree = "<group>"; };
		3B07A5364541F66BB81E31BD /* Pods_VKNewsFeedApp.framework */ = {isa = PBXFileReference; explicitFileType = wrapper.framework; includeInIndex = 0; path = Pods_VKNewsFeedApp.framework; sourceTree = BUILT_PRODUCTS_DIR; };
		7D4E2DB44281387E8004E91B /* Pods-VKNewsFeedApp.release.xcconfig */ = {isa = PBXFileReference; includeInIndex = 1; lastKnownFileType = text.xcconfig; name = "Pods-VKNewsFeedApp.release.xcconfig"; path = "Target Support Files/Pods-VKNewsFeedApp/Pods-VKNewsFeedApp.release.xcconfig"; sourceTree = "<group>"; };
		B60F83D63DD9E409D6887A8F /* Pods-VKNewsFeedApp.debug.xcconfig */ = {isa = PBXFileReference; includeInIndex = 1; lastKnownFileType = text.xcconfig; name = "Pods-VKNewsFeedApp.debug.xcconfig"; path = "Target Support Files/Pods-VKNewsFeedApp/Pods-VKNewsFeedApp.debug.xcconfig"; sourceTree = "<group>"; };
/* End PBXFileReference section */

/* Begin PBXFrameworksBuildPhase section */
		281A4CC628B7DD6700E6ADBC /* Frameworks */ = {
			isa = PBXFrameworksBuildPhase;
			buildActionMask = 2147483647;
			files = (
				AE89AAD7EBA5A23A90E910B5 /* Pods_VKNewsFeedApp.framework in Frameworks */,
			);
			runOnlyForDeploymentPostprocessing = 0;
		};
/* End PBXFrameworksBuildPhase section */

/* Begin PBXGroup section */
		281A4CC028B7DD6700E6ADBC = {
			isa = PBXGroup;
			children = (
				281A4CCB28B7DD6700E6ADBC /* VKNewsFeedApp */,
				281A4CCA28B7DD6700E6ADBC /* Products */,
				5A4BA9B63F3261D17590CAB4 /* Pods */,
				C89A56A71D7CCCEC36CAE34C /* Frameworks */,
			);
			sourceTree = "<group>";
		};
		281A4CCA28B7DD6700E6ADBC /* Products */ = {
			isa = PBXGroup;
			children = (
				281A4CC928B7DD6700E6ADBC /* VKNewsFeedApp.app */,
			);
			name = Products;
			sourceTree = "<group>";
		};
		281A4CCB28B7DD6700E6ADBC /* VKNewsFeedApp */ = {
			isa = PBXGroup;
			children = (
				281A4CE028B7DEEC00E6ADBC /* App */,
				28C9106C2960945C00B44962 /* Models */,
				28B1D98828B7E74B006BCCC6 /* Services */,
				28C91061295F682000B44962 /* AuthViewController */,
				28C91062295F683100B44962 /* FeedViewController */,
				28C9106329606CCF00B44962 /* Helpers */,
				281A4CE128B7DF2500E6ADBC /* Storyboards */,
				281A4CE328B7DF3600E6ADBC /* Resources */,
			);
			path = VKNewsFeedApp;
			sourceTree = "<group>";
		};
		281A4CE028B7DEEC00E6ADBC /* App */ = {
			isa = PBXGroup;
			children = (
				281A4CCC28B7DD6700E6ADBC /* AppDelegate.swift */,
				281A4CCE28B7DD6700E6ADBC /* SceneDelegate.swift */,
				281A4CDA28B7DD6800E6ADBC /* Info.plist */,
			);
			path = App;
			sourceTree = "<group>";
		};
		281A4CE128B7DF2500E6ADBC /* Storyboards */ = {
			isa = PBXGroup;
			children = (
				281A4CD728B7DD6800E6ADBC /* LaunchScreen.storyboard */,
			);
			path = Storyboards;
			sourceTree = "<group>";
		};
		281A4CE328B7DF3600E6ADBC /* Resources */ = {
			isa = PBXGroup;
			children = (
				281A4CD528B7DD6800E6ADBC /* Assets.xcassets */,
			);
			path = Resources;
			sourceTree = "<group>";
		};
		28B1D98828B7E74B006BCCC6 /* Services */ = {
			isa = PBXGroup;
			children = (
				28B1D98628B7E73F006BCCC6 /* AuthService.swift */,
				28C910662960790400B44962 /* NetworkService.swift */,
				28C910682960799800B44962 /* API.swift */,
				28C9106F2960981700B44962 /* NetworkDataFetcher.swift */,
			);
			path = Services;
			sourceTree = "<group>";
		};
		28C91061295F682000B44962 /* AuthViewController */ = {
			isa = PBXGroup;
			children = (
				281A4CD028B7DD6700E6ADBC /* AuthViewController.swift */,
				28B1D98928B7E921006BCCC6 /* AuthViewController.storyboard */,
			);
			path = AuthViewController;
			sourceTree = "<group>";
		};
		28C91062295F683100B44962 /* FeedViewController */ = {
			isa = PBXGroup;
			children = (
				28C9105D295F676300B44962 /* FeedViewController.swift */,
				28C9105F295F677900B44962 /* FeedViewController.storyboard */,
			);
			path = FeedViewController;
			sourceTree = "<group>";
		};
		28C9106329606CCF00B44962 /* Helpers */ = {
			isa = PBXGroup;
			children = (
				28C9106429606CF400B44962 /* UIViewController+Storyboard.swift */,
			);
			path = Helpers;
			sourceTree = "<group>";
		};
		28C9106C2960945C00B44962 /* Models */ = {
			isa = PBXGroup;
			children = (
				28C9106D2960946E00B44962 /* FeedResponse.swift */,
			);
			path = Models;
			sourceTree = "<group>";
		};
		5A4BA9B63F3261D17590CAB4 /* Pods */ = {
			isa = PBXGroup;
			children = (
				B60F83D63DD9E409D6887A8F /* Pods-VKNewsFeedApp.debug.xcconfig */,
				7D4E2DB44281387E8004E91B /* Pods-VKNewsFeedApp.release.xcconfig */,
			);
			path = Pods;
			sourceTree = "<group>";
		};
		C89A56A71D7CCCEC36CAE34C /* Frameworks */ = {
			isa = PBXGroup;
			children = (
				3B07A5364541F66BB81E31BD /* Pods_VKNewsFeedApp.framework */,
			);
			name = Frameworks;
			sourceTree = "<group>";
		};
/* End PBXGroup section */

/* Begin PBXNativeTarget section */
		281A4CC828B7DD6700E6ADBC /* VKNewsFeedApp */ = {
			isa = PBXNativeTarget;
			buildConfigurationList = 281A4CDD28B7DD6800E6ADBC /* Build configuration list for PBXNativeTarget "VKNewsFeedApp" */;
			buildPhases = (
				091C529B608D6497A6136A65 /* [CP] Check Pods Manifest.lock */,
				281A4CC528B7DD6700E6ADBC /* Sources */,
				281A4CC628B7DD6700E6ADBC /* Frameworks */,
				281A4CC728B7DD6700E6ADBC /* Resources */,
				CBB91D6E891AA8046F522AA9 /* [CP] Embed Pods Frameworks */,
			);
			buildRules = (
			);
			dependencies = (
			);
			name = VKNewsFeedApp;
			productName = VKNewsFeedApp;
			productReference = 281A4CC928B7DD6700E6ADBC /* VKNewsFeedApp.app */;
			productType = "com.apple.product-type.application";
		};
/* End PBXNativeTarget section */

/* Begin PBXProject section */
		281A4CC128B7DD6700E6ADBC /* Project object */ = {
			isa = PBXProject;
			attributes = {
				BuildIndependentTargetsInParallel = 1;
				LastSwiftUpdateCheck = 1340;
				LastUpgradeCheck = 1340;
				TargetAttributes = {
					281A4CC828B7DD6700E6ADBC = {
						CreatedOnToolsVersion = 13.4.1;
					};
				};
			};
			buildConfigurationList = 281A4CC428B7DD6700E6ADBC /* Build configuration list for PBXProject "VKNewsFeedApp" */;
			compatibilityVersion = "Xcode 13.0";
			developmentRegion = en;
			hasScannedForEncodings = 0;
			knownRegions = (
				en,
				Base,
			);
			mainGroup = 281A4CC028B7DD6700E6ADBC;
			productRefGroup = 281A4CCA28B7DD6700E6ADBC /* Products */;
			projectDirPath = "";
			projectRoot = "";
			targets = (
				281A4CC828B7DD6700E6ADBC /* VKNewsFeedApp */,
			);
		};
/* End PBXProject section */

/* Begin PBXResourcesBuildPhase section */
		281A4CC728B7DD6700E6ADBC /* Resources */ = {
			isa = PBXResourcesBuildPhase;
			buildActionMask = 2147483647;
			files = (
				281A4CD928B7DD6800E6ADBC /* LaunchScreen.storyboard in Resources */,
				28B1D98A28B7E921006BCCC6 /* AuthViewController.storyboard in Resources */,
				281A4CD628B7DD6800E6ADBC /* Assets.xcassets in Resources */,
				28C91060295F677900B44962 /* FeedViewController.storyboard in Resources */,
			);
			runOnlyForDeploymentPostprocessing = 0;
		};
/* End PBXResourcesBuildPhase section */

/* Begin PBXShellScriptBuildPhase section */
		091C529B608D6497A6136A65 /* [CP] Check Pods Manifest.lock */ = {
			isa = PBXShellScriptBuildPhase;
			buildActionMask = 2147483647;
			files = (
			);
			inputFileListPaths = (
			);
			inputPaths = (
				"${PODS_PODFILE_DIR_PATH}/Podfile.lock",
				"${PODS_ROOT}/Manifest.lock",
			);
			name = "[CP] Check Pods Manifest.lock";
			outputFileListPaths = (
			);
			outputPaths = (
				"$(DERIVED_FILE_DIR)/Pods-VKNewsFeedApp-checkManifestLockResult.txt",
			);
			runOnlyForDeploymentPostprocessing = 0;
			shellPath = /bin/sh;
			shellScript = "diff \"${PODS_PODFILE_DIR_PATH}/Podfile.lock\" \"${PODS_ROOT}/Manifest.lock\" > /dev/null\nif [ $? != 0 ] ; then\n    # print error to STDERR\n    echo \"error: The sandbox is not in sync with the Podfile.lock. Run 'pod install' or update your CocoaPods installation.\" >&2\n    exit 1\nfi\n# This output is used by Xcode 'outputs' to avoid re-running this script phase.\necho \"SUCCESS\" > \"${SCRIPT_OUTPUT_FILE_0}\"\n";
			showEnvVarsInLog = 0;
		};
		CBB91D6E891AA8046F522AA9 /* [CP] Embed Pods Frameworks */ = {
			isa = PBXShellScriptBuildPhase;
			buildActionMask = 2147483647;
			files = (
			);
			inputFileListPaths = (
				"${PODS_ROOT}/Target Support Files/Pods-VKNewsFeedApp/Pods-VKNewsFeedApp-frameworks-${CONFIGURATION}-input-files.xcfilelist",
			);
			name = "[CP] Embed Pods Frameworks";
			outputFileListPaths = (
				"${PODS_ROOT}/Target Support Files/Pods-VKNewsFeedApp/Pods-VKNewsFeedApp-frameworks-${CONFIGURATION}-output-files.xcfilelist",
			);
			runOnlyForDeploymentPostprocessing = 0;
			shellPath = /bin/sh;
			shellScript = "\"${PODS_ROOT}/Target Support Files/Pods-VKNewsFeedApp/Pods-VKNewsFeedApp-frameworks.sh\"\n";
			showEnvVarsInLog = 0;
		};
/* End PBXShellScriptBuildPhase section */

/* Begin PBXSourcesBuildPhase section */
		281A4CC528B7DD6700E6ADBC /* Sources */ = {
			isa = PBXSourcesBuildPhase;
			buildActionMask = 2147483647;
			files = (
				281A4CD128B7DD6700E6ADBC /* AuthViewController.swift in Sources */,
				281A4CCD28B7DD6700E6ADBC /* AppDelegate.swift in Sources */,
				28C9105E295F676300B44962 /* FeedViewController.swift in Sources */,
				281A4CCF28B7DD6700E6ADBC /* SceneDelegate.swift in Sources */,
				28C910702960981700B44962 /* NetworkDataFetcher.swift in Sources */,
				28B1D98728B7E73F006BCCC6 /* AuthService.swift in Sources */,
				28C9106529606CF400B44962 /* UIViewController+Storyboard.swift in Sources */,
				28C910692960799800B44962 /* API.swift in Sources */,
				28C9106E2960946E00B44962 /* FeedResponse.swift in Sources */,
				28C910672960790400B44962 /* NetworkService.swift in Sources */,
			);
			runOnlyForDeploymentPostprocessing = 0;
		};
/* End PBXSourcesBuildPhase section */

/* Begin PBXVariantGroup section */
		281A4CD728B7DD6800E6ADBC /* LaunchScreen.storyboard */ = {
			isa = PBXVariantGroup;
			children = (
				281A4CD828B7DD6800E6ADBC /* Base */,
			);
			name = LaunchScreen.storyboard;
			sourceTree = "<group>";
		};
/* End PBXVariantGroup section */

/* Begin XCBuildConfiguration section */
		281A4CDB28B7DD6800E6ADBC /* Debug */ = {
			isa = XCBuildConfiguration;
			buildSettings = {
				ALWAYS_SEARCH_USER_PATHS = NO;
				CLANG_ANALYZER_NONNULL = YES;
				CLANG_ANALYZER_NUMBER_OBJECT_CONVERSION = YES_AGGRESSIVE;
				CLANG_CXX_LANGUAGE_STANDARD = "gnu++17";
				CLANG_ENABLE_MODULES = YES;
				CLANG_ENABLE_OBJC_ARC = YES;
				CLANG_ENABLE_OBJC_WEAK = YES;
				CLANG_WARN_BLOCK_CAPTURE_AUTORELEASING = YES;
				CLANG_WARN_BOOL_CONVERSION = YES;
				CLANG_WARN_COMMA = YES;
				CLANG_WARN_CONSTANT_CONVERSION = YES;
				CLANG_WARN_DEPRECATED_OBJC_IMPLEMENTATIONS = YES;
				CLANG_WARN_DIRECT_OBJC_ISA_USAGE = YES_ERROR;
				CLANG_WARN_DOCUMENTATION_COMMENTS = YES;
				CLANG_WARN_EMPTY_BODY = YES;
				CLANG_WARN_ENUM_CONVERSION = YES;
				CLANG_WARN_INFINITE_RECURSION = YES;
				CLANG_WARN_INT_CONVERSION = YES;
				CLANG_WARN_NON_LITERAL_NULL_CONVERSION = YES;
				CLANG_WARN_OBJC_IMPLICIT_RETAIN_SELF = YES;
				CLANG_WARN_OBJC_LITERAL_CONVERSION = YES;
				CLANG_WARN_OBJC_ROOT_CLASS = YES_ERROR;
				CLANG_WARN_QUOTED_INCLUDE_IN_FRAMEWORK_HEADER = YES;
				CLANG_WARN_RANGE_LOOP_ANALYSIS = YES;
				CLANG_WARN_STRICT_PROTOTYPES = YES;
				CLANG_WARN_SUSPICIOUS_MOVE = YES;
				CLANG_WARN_UNGUARDED_AVAILABILITY = YES_AGGRESSIVE;
				CLANG_WARN_UNREACHABLE_CODE = YES;
				CLANG_WARN__DUPLICATE_METHOD_MATCH = YES;
				COPY_PHASE_STRIP = NO;
				DEBUG_INFORMATION_FORMAT = dwarf;
				ENABLE_STRICT_OBJC_MSGSEND = YES;
				ENABLE_TESTABILITY = YES;
				GCC_C_LANGUAGE_STANDARD = gnu11;
				GCC_DYNAMIC_NO_PIC = NO;
				GCC_NO_COMMON_BLOCKS = YES;
				GCC_OPTIMIZATION_LEVEL = 0;
				GCC_PREPROCESSOR_DEFINITIONS = (
					"DEBUG=1",
					"$(inherited)",
				);
				GCC_WARN_64_TO_32_BIT_CONVERSION = YES;
				GCC_WARN_ABOUT_RETURN_TYPE = YES_ERROR;
				GCC_WARN_UNDECLARED_SELECTOR = YES;
				GCC_WARN_UNINITIALIZED_AUTOS = YES_AGGRESSIVE;
				GCC_WARN_UNUSED_FUNCTION = YES;
				GCC_WARN_UNUSED_VARIABLE = YES;
				IPHONEOS_DEPLOYMENT_TARGET = 15.5;
				MTL_ENABLE_DEBUG_INFO = INCLUDE_SOURCE;
				MTL_FAST_MATH = YES;
				ONLY_ACTIVE_ARCH = YES;
				SDKROOT = iphoneos;
				SWIFT_ACTIVE_COMPILATION_CONDITIONS = DEBUG;
				SWIFT_OPTIMIZATION_LEVEL = "-Onone";
			};
			name = Debug;
		};
		281A4CDC28B7DD6800E6ADBC /* Release */ = {
			isa = XCBuildConfiguration;
			buildSettings = {
				ALWAYS_SEARCH_USER_PATHS = NO;
				CLANG_ANALYZER_NONNULL = YES;
				CLANG_ANALYZER_NUMBER_OBJECT_CONVERSION = YES_AGGRESSIVE;
				CLANG_CXX_LANGUAGE_STANDARD = "gnu++17";
				CLANG_ENABLE_MODULES = YES;
				CLANG_ENABLE_OBJC_ARC = YES;
				CLANG_ENABLE_OBJC_WEAK = YES;
				CLANG_WARN_BLOCK_CAPTURE_AUTORELEASING = YES;
				CLANG_WARN_BOOL_CONVERSION = YES;
				CLANG_WARN_COMMA = YES;
				CLANG_WARN_CONSTANT_CONVERSION = YES;
				CLANG_WARN_DEPRECATED_OBJC_IMPLEMENTATIONS = YES;
				CLANG_WARN_DIRECT_OBJC_ISA_USAGE = YES_ERROR;
				CLANG_WARN_DOCUMENTATION_COMMENTS = YES;
				CLANG_WARN_EMPTY_BODY = YES;
				CLANG_WARN_ENUM_CONVERSION = YES;
				CLANG_WARN_INFINITE_RECURSION = YES;
				CLANG_WARN_INT_CONVERSION = YES;
				CLANG_WARN_NON_LITERAL_NULL_CONVERSION = YES;
				CLANG_WARN_OBJC_IMPLICIT_RETAIN_SELF = YES;
				CLANG_WARN_OBJC_LITERAL_CONVERSION = YES;
				CLANG_WARN_OBJC_ROOT_CLASS = YES_ERROR;
				CLANG_WARN_QUOTED_INCLUDE_IN_FRAMEWORK_HEADER = YES;
				CLANG_WARN_RANGE_LOOP_ANALYSIS = YES;
				CLANG_WARN_STRICT_PROTOTYPES = YES;
				CLANG_WARN_SUSPICIOUS_MOVE = YES;
				CLANG_WARN_UNGUARDED_AVAILABILITY = YES_AGGRESSIVE;
				CLANG_WARN_UNREACHABLE_CODE = YES;
				CLANG_WARN__DUPLICATE_METHOD_MATCH = YES;
				COPY_PHASE_STRIP = NO;
				DEBUG_INFORMATION_FORMAT = "dwarf-with-dsym";
				ENABLE_NS_ASSERTIONS = NO;
				ENABLE_STRICT_OBJC_MSGSEND = YES;
				GCC_C_LANGUAGE_STANDARD = gnu11;
				GCC_NO_COMMON_BLOCKS = YES;
				GCC_WARN_64_TO_32_BIT_CONVERSION = YES;
				GCC_WARN_ABOUT_RETURN_TYPE = YES_ERROR;
				GCC_WARN_UNDECLARED_SELECTOR = YES;
				GCC_WARN_UNINITIALIZED_AUTOS = YES_AGGRESSIVE;
				GCC_WARN_UNUSED_FUNCTION = YES;
				GCC_WARN_UNUSED_VARIABLE = YES;
				IPHONEOS_DEPLOYMENT_TARGET = 15.5;
				MTL_ENABLE_DEBUG_INFO = NO;
				MTL_FAST_MATH = YES;
				SDKROOT = iphoneos;
				SWIFT_COMPILATION_MODE = wholemodule;
				SWIFT_OPTIMIZATION_LEVEL = "-O";
				VALIDATE_PRODUCT = YES;
			};
			name = Release;
		};
		281A4CDE28B7DD6800E6ADBC /* Debug */ = {
			isa = XCBuildConfiguration;
			baseConfigurationReference = B60F83D63DD9E409D6887A8F /* Pods-VKNewsFeedApp.debug.xcconfig */;
			buildSettings = {
				ASSETCATALOG_COMPILER_APPICON_NAME = AppIcon;
				ASSETCATALOG_COMPILER_GLOBAL_ACCENT_COLOR_NAME = AccentColor;
				CODE_SIGN_STYLE = Automatic;
				CURRENT_PROJECT_VERSION = 1;
				DEVELOPMENT_TEAM = 6P96P67U8G;
				GENERATE_INFOPLIST_FILE = YES;
				INFOPLIST_FILE = VKNewsFeedApp/App/Info.plist;
				INFOPLIST_KEY_UIApplicationSupportsIndirectInputEvents = YES;
				INFOPLIST_KEY_UILaunchStoryboardName = LaunchScreen;
				INFOPLIST_KEY_UISupportedInterfaceOrientations = UIInterfaceOrientationPortrait;
				INFOPLIST_KEY_UISupportedInterfaceOrientations_iPad = "UIInterfaceOrientationLandscapeLeft UIInterfaceOrientationLandscapeRight UIInterfaceOrientationPortrait UIInterfaceOrientationPortraitUpsideDown";
				LD_RUNPATH_SEARCH_PATHS = (
					"$(inherited)",
					"@executable_path/Frameworks",
				);
				MARKETING_VERSION = 1.0;
				PRODUCT_BUNDLE_IDENTIFIER = ru.alexrybachev.VKNewsFeedApp;
				PRODUCT_NAME = "$(TARGET_NAME)";
				SWIFT_EMIT_LOC_STRINGS = YES;
				SWIFT_VERSION = 5.0;
				TARGETED_DEVICE_FAMILY = 1;
			};
			name = Debug;
		};
		281A4CDF28B7DD6800E6ADBC /* Release */ = {
			isa = XCBuildConfiguration;
			baseConfigurationReference = 7D4E2DB44281387E8004E91B /* Pods-VKNewsFeedApp.release.xcconfig */;
			buildSettings = {
				ASSETCATALOG_COMPILER_APPICON_NAME = AppIcon;
				ASSETCATALOG_COMPILER_GLOBAL_ACCENT_COLOR_NAME = AccentColor;
				CODE_SIGN_STYLE = Automatic;
				CURRENT_PROJECT_VERSION = 1;
				DEVELOPMENT_TEAM = 6P96P67U8G;
				GENERATE_INFOPLIST_FILE = YES;
				INFOPLIST_FILE = VKNewsFeedApp/App/Info.plist;
				INFOPLIST_KEY_UIApplicationSupportsIndirectInputEvents = YES;
				INFOPLIST_KEY_UILaunchStoryboardName = LaunchScreen;
				INFOPLIST_KEY_UISupportedInterfaceOrientations = UIInterfaceOrientationPortrait;
				INFOPLIST_KEY_UISupportedInterfaceOrientations_iPad = "UIInterfaceOrientationLandscapeLeft UIInterfaceOrientationLandscapeRight UIInterfaceOrientationPortrait UIInterfaceOrientationPortraitUpsideDown";
				LD_RUNPATH_SEARCH_PATHS = (
					"$(inherited)",
					"@executable_path/Frameworks",
				);
				MARKETING_VERSION = 1.0;
				PRODUCT_BUNDLE_IDENTIFIER = ru.alexrybachev.VKNewsFeedApp;
				PRODUCT_NAME = "$(TARGET_NAME)";
				SWIFT_EMIT_LOC_STRINGS = YES;
				SWIFT_VERSION = 5.0;
				TARGETED_DEVICE_FAMILY = 1;
			};
			name = Release;
		};
/* End XCBuildConfiguration section */

/* Begin XCConfigurationList section */
		281A4CC428B7DD6700E6ADBC /* Build configuration list for PBXProject "VKNewsFeedApp" */ = {
			isa = XCConfigurationList;
			buildConfigurations = (
				281A4CDB28B7DD6800E6ADBC /* Debug */,
				281A4CDC28B7DD6800E6ADBC /* Release */,
			);
			defaultConfigurationIsVisible = 0;
			defaultConfigurationName = Release;
		};
		281A4CDD28B7DD6800E6ADBC /* Build configuration list for PBXNativeTarget "VKNewsFeedApp" */ = {
			isa = XCConfigurationList;
			buildConfigurations = (
				281A4CDE28B7DD6800E6ADBC /* Debug */,
				281A4CDF28B7DD6800E6ADBC /* Release */,
			);
			defaultConfigurationIsVisible = 0;
			defaultConfigurationName = Release;
		};
/* End XCConfigurationList section */
	};
	rootObject = 281A4CC128B7DD6700E6ADBC /* Project object */;
}
